// !$*UTF8*$!
{
	archiveVersion = 1;
	classes = {
	};
	objectVersion = 50;
	objects = {

/* Begin PBXBuildFile section */
		AE28455421A7F5890058019E /* Type.swift in Sources */ = {isa = PBXBuildFile; fileRef = AE28455321A7F5890058019E /* Type.swift */; };
		AE28455621A7F9AA0058019E /* MutableCollection.swift in Sources */ = {isa = PBXBuildFile; fileRef = AE28455521A7F9AA0058019E /* MutableCollection.swift */; };
		AE754F7F2195B1C200B51CD1 /* AppDelegate.swift in Sources */ = {isa = PBXBuildFile; fileRef = AE754F7E2195B1C200B51CD1 /* AppDelegate.swift */; };
		AE754F812195B1C200B51CD1 /* ViewController.swift in Sources */ = {isa = PBXBuildFile; fileRef = AE754F802195B1C200B51CD1 /* ViewController.swift */; };
		AE754F842195B1C200B51CD1 /* Main.storyboard in Resources */ = {isa = PBXBuildFile; fileRef = AE754F822195B1C200B51CD1 /* Main.storyboard */; };
		AE754F862195B1C900B51CD1 /* Assets.xcassets in Resources */ = {isa = PBXBuildFile; fileRef = AE754F852195B1C900B51CD1 /* Assets.xcassets */; };
		AE754F892195B1C900B51CD1 /* LaunchScreen.storyboard in Resources */ = {isa = PBXBuildFile; fileRef = AE754F872195B1C900B51CD1 /* LaunchScreen.storyboard */; };
		AE754F932195BE2400B51CD1 /* SetCard.swift in Sources */ = {isa = PBXBuildFile; fileRef = AE754F922195BE2400B51CD1 /* SetCard.swift */; };
		AE754FA22195C0DD00B51CD1 /* SetGame.swift in Sources */ = {isa = PBXBuildFile; fileRef = AE754FA12195C0DD00B51CD1 /* SetGame.swift */; };
		AEC48F8721BE633600B4A34C /* SetButton.swift in Sources */ = {isa = PBXBuildFile; fileRef = AEC48F8621BE633600B4A34C /* SetButton.swift */; };
		AEC48F8921BE66F300B4A34C /* String.swift in Sources */ = {isa = PBXBuildFile; fileRef = AEC48F8821BE66F300B4A34C /* String.swift */; };
		AED8E8C721B1394C00A13AFC /* SetCardDeck.swift in Sources */ = {isa = PBXBuildFile; fileRef = AED8E8C621B1394C00A13AFC /* SetCardDeck.swift */; };
		AED8E8C921B13CA100A13AFC /* Int.swift in Sources */ = {isa = PBXBuildFile; fileRef = AED8E8C821B13CA100A13AFC /* Int.swift */; };
/* End PBXBuildFile section */

/* Begin PBXFileReference section */
		AE28455321A7F5890058019E /* Type.swift */ = {isa = PBXFileReference; lastKnownFileType = sourcecode.swift; path = Type.swift; sourceTree = "<group>"; };
		AE28455521A7F9AA0058019E /* MutableCollection.swift */ = {isa = PBXFileReference; lastKnownFileType = sourcecode.swift; path = MutableCollection.swift; sourceTree = "<group>"; };
		AE754F7B2195B1C200B51CD1 /* Set.app */ = {isa = PBXFileReference; explicitFileType = wrapper.application; includeInIndex = 0; path = Set.app; sourceTree = BUILT_PRODUCTS_DIR; };
		AE754F7E2195B1C200B51CD1 /* AppDelegate.swift */ = {isa = PBXFileReference; lastKnownFileType = sourcecode.swift; path = AppDelegate.swift; sourceTree = "<group>"; };
		AE754F802195B1C200B51CD1 /* ViewController.swift */ = {isa = PBXFileReference; lastKnownFileType = sourcecode.swift; path = ViewController.swift; sourceTree = "<group>"; };
		AE754F832195B1C200B51CD1 /* Base */ = {isa = PBXFileReference; lastKnownFileType = file.storyboard; name = Base; path = Base.lproj/Main.storyboard; sourceTree = "<group>"; };
		AE754F852195B1C900B51CD1 /* Assets.xcassets */ = {isa = PBXFileReference; lastKnownFileType = folder.assetcatalog; path = Assets.xcassets; sourceTree = "<group>"; };
		AE754F882195B1C900B51CD1 /* Base */ = {isa = PBXFileReference; lastKnownFileType = file.storyboard; name = Base; path = Base.lproj/LaunchScreen.storyboard; sourceTree = "<group>"; };
		AE754F8A2195B1C900B51CD1 /* Info.plist */ = {isa = PBXFileReference; lastKnownFileType = text.plist.xml; path = Info.plist; sourceTree = "<group>"; };
		AE754F922195BE2400B51CD1 /* SetCard.swift */ = {isa = PBXFileReference; lastKnownFileType = sourcecode.swift; path = SetCard.swift; sourceTree = "<group>"; };
		AE754FA12195C0DD00B51CD1 /* SetGame.swift */ = {isa = PBXFileReference; lastKnownFileType = sourcecode.swift; path = SetGame.swift; sourceTree = "<group>"; };
		AEC48F8621BE633600B4A34C /* SetButton.swift */ = {isa = PBXFileReference; lastKnownFileType = sourcecode.swift; path = SetButton.swift; sourceTree = "<group>"; };
		AEC48F8821BE66F300B4A34C /* String.swift */ = {isa = PBXFileReference; lastKnownFileType = sourcecode.swift; path = String.swift; sourceTree = "<group>"; };
		AED8E8C621B1394C00A13AFC /* SetCardDeck.swift */ = {isa = PBXFileReference; lastKnownFileType = sourcecode.swift; path = SetCardDeck.swift; sourceTree = "<group>"; };
		AED8E8C821B13CA100A13AFC /* Int.swift */ = {isa = PBXFileReference; lastKnownFileType = sourcecode.swift; path = Int.swift; sourceTree = "<group>"; };
/* End PBXFileReference section */

/* Begin PBXFrameworksBuildPhase section */
		AE754F782195B1C200B51CD1 /* Frameworks */ = {
			isa = PBXFrameworksBuildPhase;
			buildActionMask = 2147483647;
			files = (
			);
			runOnlyForDeploymentPostprocessing = 0;
		};
/* End PBXFrameworksBuildPhase section */

/* Begin PBXGroup section */
		AE754F722195B1C200B51CD1 = {
			isa = PBXGroup;
			children = (
				AE754F7D2195B1C200B51CD1 /* Set */,
				AE754F7C2195B1C200B51CD1 /* Products */,
			);
			sourceTree = "<group>";
		};
		AE754F7C2195B1C200B51CD1 /* Products */ = {
			isa = PBXGroup;
			children = (
				AE754F7B2195B1C200B51CD1 /* Set.app */,
			);
			name = Products;
			sourceTree = "<group>";
		};
		AE754F7D2195B1C200B51CD1 /* Set */ = {
			isa = PBXGroup;
			children = (
				AE754F942195BE3A00B51CD1 /* Library */,
				AE754F912195B57E00B51CD1 /* Models */,
				AE754F902195B25100B51CD1 /* Supporting Files */,
				AE754F802195B1C200B51CD1 /* ViewController.swift */,
				AEC48F8621BE633600B4A34C /* SetButton.swift */,
				AE754F822195B1C200B51CD1 /* Main.storyboard */,
			);
			path = Set;
			sourceTree = "<group>";
		};
		AE754F902195B25100B51CD1 /* Supporting Files */ = {
			isa = PBXGroup;
			children = (
				AE754F872195B1C900B51CD1 /* LaunchScreen.storyboard */,
				AE754F7E2195B1C200B51CD1 /* AppDelegate.swift */,
				AE754F852195B1C900B51CD1 /* Assets.xcassets */,
				AE754F8A2195B1C900B51CD1 /* Info.plist */,
			);
			path = "Supporting Files";
			sourceTree = "<group>";
		};
		AE754F912195B57E00B51CD1 /* Models */ = {
			isa = PBXGroup;
			children = (
				AE754F922195BE2400B51CD1 /* SetCard.swift */,
				AE754FA12195C0DD00B51CD1 /* SetGame.swift */,
				AED8E8C621B1394C00A13AFC /* SetCardDeck.swift */,
			);
			path = Models;
			sourceTree = "<group>";
		};
		AE754F942195BE3A00B51CD1 /* Library */ = {
			isa = PBXGroup;
			children = (
				AE754F972195BE5000B51CD1 /* Enums */,
				AE754F962195BE4800B51CD1 /* Protocoles */,
				AE754F952195BE4100B51CD1 /* Extensions */,
			);
			path = Library;
			sourceTree = "<group>";
		};
		AE754F952195BE4100B51CD1 /* Extensions */ = {
			isa = PBXGroup;
			children = (
				AE28455521A7F9AA0058019E /* MutableCollection.swift */,
				AED8E8C821B13CA100A13AFC /* Int.swift */,
				AEC48F8821BE66F300B4A34C /* String.swift */,
			);
			path = Extensions;
			sourceTree = "<group>";
		};
		AE754F962195BE4800B51CD1 /* Protocoles */ = {
			isa = PBXGroup;
			children = (
			);
			path = Protocoles;
			sourceTree = "<group>";
		};
		AE754F972195BE5000B51CD1 /* Enums */ = {
			isa = PBXGroup;
			children = (
				AE28455321A7F5890058019E /* Type.swift */,
			);
			path = Enums;
			sourceTree = "<group>";
		};
/* End PBXGroup section */

/* Begin PBXNativeTarget section */
		AE754F7A2195B1C200B51CD1 /* Set */ = {
			isa = PBXNativeTarget;
			buildConfigurationList = AE754F8D2195B1C900B51CD1 /* Build configuration list for PBXNativeTarget "Set" */;
			buildPhases = (
				AE754F772195B1C200B51CD1 /* Sources */,
				AE754F782195B1C200B51CD1 /* Frameworks */,
				AE754F792195B1C200B51CD1 /* Resources */,
			);
			buildRules = (
			);
			dependencies = (
			);
			name = Set;
			productName = Set;
			productReference = AE754F7B2195B1C200B51CD1 /* Set.app */;
			productType = "com.apple.product-type.application";
		};
/* End PBXNativeTarget section */

/* Begin PBXProject section */
		AE754F732195B1C200B51CD1 /* Project object */ = {
			isa = PBXProject;
			attributes = {
				LastSwiftUpdateCheck = 0940;
				LastUpgradeCheck = 0940;
				ORGANIZATIONNAME = VSU;
				TargetAttributes = {
					AE754F7A2195B1C200B51CD1 = {
						CreatedOnToolsVersion = 9.4.1;
					};
				};
			};
			buildConfigurationList = AE754F762195B1C200B51CD1 /* Build configuration list for PBXProject "Set" */;
			compatibilityVersion = "Xcode 9.3";
			developmentRegion = en;
			hasScannedForEncodings = 0;
			knownRegions = (
				en,
				Base,
			);
			mainGroup = AE754F722195B1C200B51CD1;
			productRefGroup = AE754F7C2195B1C200B51CD1 /* Products */;
			projectDirPath = "";
			projectRoot = "";
			targets = (
				AE754F7A2195B1C200B51CD1 /* Set */,
			);
		};
/* End PBXProject section */

/* Begin PBXResourcesBuildPhase section */
		AE754F792195B1C200B51CD1 /* Resources */ = {
			isa = PBXResourcesBuildPhase;
			buildActionMask = 2147483647;
			files = (
				AE754F892195B1C900B51CD1 /* LaunchScreen.storyboard in Resources */,
				AE754F862195B1C900B51CD1 /* Assets.xcassets in Resources */,
				AE754F842195B1C200B51CD1 /* Main.storyboard in Resources */,
			);
			runOnlyForDeploymentPostprocessing = 0;
		};
/* End PBXResourcesBuildPhase section */

/* Begin PBXSourcesBuildPhase section */
		AE754F772195B1C200B51CD1 /* Sources */ = {
			isa = PBXSourcesBuildPhase;
			buildActionMask = 2147483647;
			files = (
				AE754F932195BE2400B51CD1 /* SetCard.swift in Sources */,
				AEC48F8721BE633600B4A34C /* SetButton.swift in Sources */,
				AEC48F8921BE66F300B4A34C /* String.swift in Sources */,
				AE754F812195B1C200B51CD1 /* ViewController.swift in Sources */,
				AE28455621A7F9AA0058019E /* MutableCollection.swift in Sources */,
				AE754F7F2195B1C200B51CD1 /* AppDelegate.swift in Sources */,
				AED8E8C721B1394C00A13AFC /* SetCardDeck.swift in Sources */,
				AE754FA22195C0DD00B51CD1 /* SetGame.swift in Sources */,
				AE28455421A7F5890058019E /* Type.swift in Sources */,
				AED8E8C921B13CA100A13AFC /* Int.swift in Sources */,
			);
			runOnlyForDeploymentPostprocessing = 0;
		};
/* End PBXSourcesBuildPhase section */

/* Begin PBXVariantGroup section */
		AE754F822195B1C200B51CD1 /* Main.storyboard */ = {
			isa = PBXVariantGroup;
			children = (
				AE754F832195B1C200B51CD1 /* Base */,
			);
			name = Main.storyboard;
			sourceTree = "<group>";
		};
		AE754F872195B1C900B51CD1 /* LaunchScreen.storyboard */ = {
			isa = PBXVariantGroup;
			children = (
				AE754F882195B1C900B51CD1 /* Base */,
			);
			name = LaunchScreen.storyboard;
			sourceTree = "<group>";
		};
/* End PBXVariantGroup section */

/* Begin XCBuildConfiguration section */
		AE754F8B2195B1C900B51CD1 /* Debug */ = {
			isa = XCBuildConfiguration;
			buildSettings = {
				ALWAYS_SEARCH_USER_PATHS = NO;
				CLANG_ANALYZER_NONNULL = YES;
				CLANG_ANALYZER_NUMBER_OBJECT_CONVERSION = YES_AGGRESSIVE;
				CLANG_CXX_LANGUAGE_STANDARD = "gnu++14";
				CLANG_CXX_LIBRARY = "libc++";
				CLANG_ENABLE_MODULES = YES;
				CLANG_ENABLE_OBJC_ARC = YES;
				CLANG_ENABLE_OBJC_WEAK = YES;
				CLANG_WARN_BLOCK_CAPTURE_AUTORELEASING = YES;
				CLANG_WARN_BOOL_CONVERSION = YES;
				CLANG_WARN_COMMA = YES;
				CLANG_WARN_CONSTANT_CONVERSION = YES;
				CLANG_WARN_DEPRECATED_OBJC_IMPLEMENTATIONS = YES;
				CLANG_WARN_DIRECT_OBJC_ISA_USAGE = YES_ERROR;
				CLANG_WARN_DOCUMENTATION_COMMENTS = YES;
				CLANG_WARN_EMPTY_BODY = YES;
				CLANG_WARN_ENUM_CONVERSION = YES;
				CLANG_WARN_INFINITE_RECURSION = YES;
				CLANG_WARN_INT_CONVERSION = YES;
				CLANG_WARN_NON_LITERAL_NULL_CONVERSION = YES;
				CLANG_WARN_OBJC_IMPLICIT_RETAIN_SELF = YES;
				CLANG_WARN_OBJC_LITERAL_CONVERSION = YES;
				CLANG_WARN_OBJC_ROOT_CLASS = YES_ERROR;
				CLANG_WARN_RANGE_LOOP_ANALYSIS = YES;
				CLANG_WARN_STRICT_PROTOTYPES = YES;
				CLANG_WARN_SUSPICIOUS_MOVE = YES;
				CLANG_WARN_UNGUARDED_AVAILABILITY = YES_AGGRESSIVE;
				CLANG_WARN_UNREACHABLE_CODE = YES;
				CLANG_WARN__DUPLICATE_METHOD_MATCH = YES;
				CODE_SIGN_IDENTITY = "iPhone Developer";
				COPY_PHASE_STRIP = NO;
				DEBUG_INFORMATION_FORMAT = dwarf;
				ENABLE_STRICT_OBJC_MSGSEND = YES;
				ENABLE_TESTABILITY = YES;
				GCC_C_LANGUAGE_STANDARD = gnu11;
				GCC_DYNAMIC_NO_PIC = NO;
				GCC_NO_COMMON_BLOCKS = YES;
				GCC_OPTIMIZATION_LEVEL = 0;
				GCC_PREPROCESSOR_DEFINITIONS = (
					"DEBUG=1",
					"$(inherited)",
				);
				GCC_WARN_64_TO_32_BIT_CONVERSION = YES;
				GCC_WARN_ABOUT_RETURN_TYPE = YES_ERROR;
				GCC_WARN_UNDECLARED_SELECTOR = YES;
				GCC_WARN_UNINITIALIZED_AUTOS = YES_AGGRESSIVE;
				GCC_WARN_UNUSED_FUNCTION = YES;
				GCC_WARN_UNUSED_VARIABLE = YES;
				IPHONEOS_DEPLOYMENT_TARGET = 11.4;
				MTL_ENABLE_DEBUG_INFO = YES;
				ONLY_ACTIVE_ARCH = YES;
				SDKROOT = iphoneos;
				SWIFT_ACTIVE_COMPILATION_CONDITIONS = DEBUG;
				SWIFT_OPTIMIZATION_LEVEL = "-Onone";
			};
			name = Debug;
		};
		AE754F8C2195B1C900B51CD1 /* Release */ = {
			isa = XCBuildConfiguration;
			buildSettings = {
				ALWAYS_SEARCH_USER_PATHS = NO;
				CLANG_ANALYZER_NONNULL = YES;
				CLANG_ANALYZER_NUMBER_OBJECT_CONVERSION = YES_AGGRESSIVE;
				CLANG_CXX_LANGUAGE_STANDARD = "gnu++14";
				CLANG_CXX_LIBRARY = "libc++";
				CLANG_ENABLE_MODULES = YES;
				CLANG_ENABLE_OBJC_ARC = YES;
				CLANG_ENABLE_OBJC_WEAK = YES;
				CLANG_WARN_BLOCK_CAPTURE_AUTORELEASING = YES;
				CLANG_WARN_BOOL_CONVERSION = YES;
				CLANG_WARN_COMMA = YES;
				CLANG_WARN_CONSTANT_CONVERSION = YES;
				CLANG_WARN_DEPRECATED_OBJC_IMPLEMENTATIONS = YES;
				CLANG_WARN_DIRECT_OBJC_ISA_USAGE = YES_ERROR;
				CLANG_WARN_DOCUMENTATION_COMMENTS = YES;
				CLANG_WARN_EMPTY_BODY = YES;
				CLANG_WARN_ENUM_CONVERSION = YES;
				CLANG_WARN_INFINITE_RECURSION = YES;
				CLANG_WARN_INT_CONVERSION = YES;
				CLANG_WARN_NON_LITERAL_NULL_CONVERSION = YES;
				CLANG_WARN_OBJC_IMPLICIT_RETAIN_SELF = YES;
				CLANG_WARN_OBJC_LITERAL_CONVERSION = YES;
				CLANG_WARN_OBJC_ROOT_CLASS = YES_ERROR;
				CLANG_WARN_RANGE_LOOP_ANALYSIS = YES;
				CLANG_WARN_STRICT_PROTOTYPES = YES;
				CLANG_WARN_SUSPICIOUS_MOVE = YES;
				CLANG_WARN_UNGUARDED_AVAILABILITY = YES_AGGRESSIVE;
				CLANG_WARN_UNREACHABLE_CODE = YES;
				CLANG_WARN__DUPLICATE_METHOD_MATCH = YES;
				CODE_SIGN_IDENTITY = "iPhone Developer";
				COPY_PHASE_STRIP = NO;
				DEBUG_INFORMATION_FORMAT = "dwarf-with-dsym";
				ENABLE_NS_ASSERTIONS = NO;
				ENABLE_STRICT_OBJC_MSGSEND = YES;
				GCC_C_LANGUAGE_STANDARD = gnu11;
				GCC_NO_COMMON_BLOCKS = YES;
				GCC_WARN_64_TO_32_BIT_CONVERSION = YES;
				GCC_WARN_ABOUT_RETURN_TYPE = YES_ERROR;
				GCC_WARN_UNDECLARED_SELECTOR = YES;
				GCC_WARN_UNINITIALIZED_AUTOS = YES_AGGRESSIVE;
				GCC_WARN_UNUSED_FUNCTION = YES;
				GCC_WARN_UNUSED_VARIABLE = YES;
				IPHONEOS_DEPLOYMENT_TARGET = 11.4;
				MTL_ENABLE_DEBUG_INFO = NO;
				SDKROOT = iphoneos;
				SWIFT_COMPILATION_MODE = wholemodule;
				SWIFT_OPTIMIZATION_LEVEL = "-O";
				VALIDATE_PRODUCT = YES;
			};
			name = Release;
		};
		AE754F8E2195B1C900B51CD1 /* Debug */ = {
			isa = XCBuildConfiguration;
			buildSettings = {
				ASSETCATALOG_COMPILER_APPICON_NAME = AppIcon;
				CODE_SIGN_STYLE = Automatic;
				INFOPLIST_FILE = "$(SRCROOT)/Set/Supporting Files/Info.plist";
				LD_RUNPATH_SEARCH_PATHS = (
					"$(inherited)",
					"@executable_path/Frameworks",
				);
				PRODUCT_BUNDLE_IDENTIFIER = com.vsu.Set;
				PRODUCT_NAME = "$(TARGET_NAME)";
				SWIFT_VERSION = 4.0;
				TARGETED_DEVICE_FAMILY = "1,2";
			};
			name = Debug;
		};
		AE754F8F2195B1C900B51CD1 /* Release */ = {
			isa = XCBuildConfiguration;
			buildSettings = {
				ASSETCATALOG_COMPILER_APPICON_NAME = AppIcon;
				CODE_SIGN_STYLE = Automatic;
				INFOPLIST_FILE = "$(SRCROOT)/Set/Supporting Files/Info.plist";
				LD_RUNPATH_SEARCH_PATHS = (
					"$(inherited)",
					"@executable_path/Frameworks",
				);
				PRODUCT_BUNDLE_IDENTIFIER = com.vsu.Set;
				PRODUCT_NAME = "$(TARGET_NAME)";
				SWIFT_VERSION = 4.0;
				TARGETED_DEVICE_FAMILY = "1,2";
			};
			name = Release;
		};
/* End XCBuildConfiguration section */

/* Begin XCConfigurationList section */
		AE754F762195B1C200B51CD1 /* Build configuration list for PBXProject "Set" */ = {
			isa = XCConfigurationList;
			buildConfigurations = (
				AE754F8B2195B1C900B51CD1 /* Debug */,
				AE754F8C2195B1C900B51CD1 /* Release */,
			);
			defaultConfigurationIsVisible = 0;
			defaultConfigurationName = Release;
		};
		AE754F8D2195B1C900B51CD1 /* Build configuration list for PBXNativeTarget "Set" */ = {
			isa = XCConfigurationList;
			buildConfigurations = (
				AE754F8E2195B1C900B51CD1 /* Debug */,
				AE754F8F2195B1C900B51CD1 /* Release */,
			);
			defaultConfigurationIsVisible = 0;
			defaultConfigurationName = Release;
		};
/* End XCConfigurationList section */
	};
	rootObject = AE754F732195B1C200B51CD1 /* Project object */;
}
